
Microsoft Visual Studio Solution File, Format Version 12.00
# Visual Studio 15
VisualStudioVersion = 15.0.26228.4
MinimumVisualStudioVersion = 10.0.40219.1
Project("{FAE04EC0-301F-11D3-BF4B-00C04F79EFBC}") = "CRUDApp", "CRUDApp\CRUDApp.csproj", "{9C27E951-E201-4DA2-8EA9-9D307CC1E193}"
EndProject
Project("{00D1A9C2-B5F0-4AF3-8072-F6C62B433612}") = "Database", "Database\Database.sqlproj", "{49CDC9F1-BC1E-45F1-950C-181EC72CDACC}"
EndProject
Global
	GlobalSection(SolutionConfigurationPlatforms) = preSolution
		Debug|Any CPU = Debug|Any CPU
		Release|Any CPU = Release|Any CPU
	EndGlobalSection
	GlobalSection(ProjectConfigurationPlatforms) = postSolution
		{9C27E951-E201-4DA2-8EA9-9D307CC1E193}.Debug|Any CPU.ActiveCfg = Debug|Any CPU
		{9C27E951-E201-4DA2-8EA9-9D307CC1E193}.Debug|Any CPU.Build.0 = Debug|Any CPU
		{9C27E951-E201-4DA2-8EA9-9D307CC1E193}.Release|Any CPU.ActiveCfg = Release|Any CPU
		{9C27E951-E201-4DA2-8EA9-9D307CC1E193}.Release|Any CPU.Build.0 = Release|Any CPU
		{49CDC9F1-BC1E-45F1-950C-181EC72CDACC}.Debug|Any CPU.ActiveCfg = Debug|Any CPU
		{49CDC9F1-BC1E-45F1-950C-181EC72CDACC}.Debug|Any CPU.Build.0 = Debug|Any CPU
		{49CDC9F1-BC1E-45F1-950C-181EC72CDACC}.Debug|Any CPU.Deploy.0 = Debug|Any CPU
		{49CDC9F1-BC1E-45F1-950C-181EC72CDACC}.Release|Any CPU.ActiveCfg = Release|Any CPU
		{49CDC9F1-BC1E-45F1-950C-181EC72CDACC}.Release|Any CPU.Build.0 = Release|Any CPU
		{49CDC9F1-BC1E-45F1-950C-181EC72CDACC}.Release|Any CPU.Deploy.0 = Release|Any CPU
	EndGlobalSection
	GlobalSection(SolutionProperties) = preSolution
		HideSolutionNode = FALSE
	EndGlobalSection
EndGlobal
